
Microsoft Visual Studio Solution File, Format Version 12.00
# Visual Studio Version 16
VisualStudioVersion = 16.0.31205.134
MinimumVisualStudioVersion = 10.0.40219.1
Project("{FAE04EC0-301F-11D3-BF4B-00C04F79EFBC}") = "QuizCreatingApplication", "QuizCreatingApplication\QuizCreatingApplication.csproj", "{D90058D6-92EC-4BB4-92B3-EE70965AB343}"
EndProject
Global
	GlobalSection(SolutionConfigurationPlatforms) = preSolution
		Debug|Any CPU = Debug|Any CPU
		Release|Any CPU = Release|Any CPU
	EndGlobalSection
	GlobalSection(ProjectConfigurationPlatforms) = postSolution
		{D90058D6-92EC-4BB4-92B3-EE70965AB343}.Debug|Any CPU.ActiveCfg = Debug|Any CPU
		{D90058D6-92EC-4BB4-92B3-EE70965AB343}.Debug|Any CPU.Build.0 = Debug|Any CPU
		{D90058D6-92EC-4BB4-92B3-EE70965AB343}.Release|Any CPU.ActiveCfg = Release|Any CPU
		{D90058D6-92EC-4BB4-92B3-EE70965AB343}.Release|Any CPU.Build.0 = Release|Any CPU
	EndGlobalSection
	GlobalSection(SolutionProperties) = preSolution
		HideSolutionNode = FALSE
	EndGlobalSection
	GlobalSection(ExtensibilityGlobals) = postSolution
		SolutionGuid = {407411D6-6F3C-41E2-AFEE-3CA683BBDCFC}
	EndGlobalSection
EndGlobal
